
Microsoft Visual Studio Solution File, Format Version 12.00
# Visual Studio Version 17
VisualStudioVersion = 17.9.34728.123
MinimumVisualStudioVersion = 10.0.40219.1
Project("{FAE04EC0-301F-11D3-BF4B-00C04F79EFBC}") = "GenerarNumerosPrimos", "GenerarNumerosPrimos\GenerarNumerosPrimos.csproj", "{1FD05AD7-D56E-4764-92A5-C5D3F15B06DD}"
EndProject
Global
	GlobalSection(SolutionConfigurationPlatforms) = preSolution
		Debug|Any CPU = Debug|Any CPU
		Release|Any CPU = Release|Any CPU
	EndGlobalSection
	GlobalSection(ProjectConfigurationPlatforms) = postSolution
		{1FD05AD7-D56E-4764-92A5-C5D3F15B06DD}.Debug|Any CPU.ActiveCfg = Debug|Any CPU
		{1FD05AD7-D56E-4764-92A5-C5D3F15B06DD}.Debug|Any CPU.Build.0 = Debug|Any CPU
		{1FD05AD7-D56E-4764-92A5-C5D3F15B06DD}.Release|Any CPU.ActiveCfg = Release|Any CPU
		{1FD05AD7-D56E-4764-92A5-C5D3F15B06DD}.Release|Any CPU.Build.0 = Release|Any CPU
	EndGlobalSection
	GlobalSection(SolutionProperties) = preSolution
		HideSolutionNode = FALSE
	EndGlobalSection
	GlobalSection(ExtensibilityGlobals) = postSolution
		SolutionGuid = {642DE879-9C0D-44C5-B5BE-1F84752BEC95}
	EndGlobalSection
EndGlobal
